// !$*UTF8*$!
{
	archiveVersion = 1;
	classes = {
	};
	objectVersion = 63;
	objects = {

/* Begin PBXBuildFile section */
		011D9CB428C889AFC9362A9E /* Assets.xcassets in Resources */ = {isa = PBXBuildFile; fileRef = F5FEA92551FCB0AC2B720F55 /* Assets.xcassets */; };
		143253BEED8EA3FCC7C3040A /* WorkspaceView.swift in Sources */ = {isa = PBXBuildFile; fileRef = D6D37DBD5991399A99747ECF /* WorkspaceView.swift */; };
		28E4C1E52FA657C90059645B /* SwiftTerm in Frameworks */ = {isa = PBXBuildFile; productRef = 28E4C1E42FA657C90059645B /* SwiftTerm */; };
		4D66B762AC7E6F6CB5907AFD /* AppDelegate.swift in Sources */ = {isa = PBXBuildFile; fileRef = 0AEEEEE11FE1885FC15C9199 /* AppDelegate.swift */; };
		67F9D679EF2446F58A3F31B3 /* FileWatchService.swift in Sources */ = {isa = PBXBuildFile; fileRef = DB9D2A5C446C474494F158CB /* FileWatchService.swift */; };
		6A4CE14C30A04A688D26E084 /* LoginShellEnvironment.swift in Sources */ = {isa = PBXBuildFile; fileRef = 23FA87AD90444C62ACAA36A0 /* LoginShellEnvironment.swift */; };
		6F5802D6D0D6829CC2F3B378 /* AppModel.swift in Sources */ = {isa = PBXBuildFile; fileRef = 4E2B4D069D16A858DEF38F91 /* AppModel.swift */; };
		70CA410D5D70A089727E2F39 /* FileDropOverlay.swift in Sources */ = {isa = PBXBuildFile; fileRef = 20BA39D81C85D220D418C74D /* FileDropOverlay.swift */; };
		727A35EFCC16DA9FED3E219D /* FileDocumentService.swift in Sources */ = {isa = PBXBuildFile; fileRef = 37FF27206B9299729EF6ABBA /* FileDocumentService.swift */; };
		92B4AB1439EF6E6FBFBCE3E4 /* MarkdownDocument.swift in Sources */ = {isa = PBXBuildFile; fileRef = 518DBF03949FE4BCA68DEAB8 /* MarkdownDocument.swift */; };
		9A63573086326B1E354CE91F /* AppSettings.swift in Sources */ = {isa = PBXBuildFile; fileRef = 6191F1475962CBC0821E190A /* AppSettings.swift */; };
		A1B2C3D4E5F6A7B8C9D0E1F2 /* MarkdownUI in Frameworks */ = {isa = PBXBuildFile; productRef = A2B3C4D5E6F7A8B9C0D1E2F3 /* MarkdownUI */; };
		A3B6BA51D6F42B9BD62E8A95 /* MDEApp.swift in Sources */ = {isa = PBXBuildFile; fileRef = 32ECE99600F9CD92261093E8 /* MDEApp.swift */; };
		A4B5C6D7E8F9A0B1C2D3E4F5 /* MarkdownUIRenderer.swift in Sources */ = {isa = PBXBuildFile; fileRef = A5B6C7D8E9F0A1B2C3D4E5F6 /* MarkdownUIRenderer.swift */; };
		A6C62C950FEAB061825794E8 /* AppCommands.swift in Sources */ = {isa = PBXBuildFile; fileRef = 5E903D066FDF24F3EB2E0DEF /* AppCommands.swift */; };
		B1B2C3D4E5F6A7B8C9D0E1F2 /* Highlightr in Frameworks */ = {isa = PBXBuildFile; productRef = B2B3C4D5E6F7A8B9C0D1E2F3 /* Highlightr */; };
		B4B5C6D7E8F9A0B1C2D3E4F5 /* NordSyntaxHighlighter.swift in Sources */ = {isa = PBXBuildFile; fileRef = B5B6C7D8E9F0A1B2C3D4E5F6 /* NordSyntaxHighlighter.swift */; };
		B99F08D6AB6E4FC7509C3D03 /* ContentView.swift in Sources */ = {isa = PBXBuildFile; fileRef = FC321FD34CC0F889C8858A94 /* ContentView.swift */; };
		BB93094DF6A14BD5B4A19FD3 /* ExternalEditorService.swift in Sources */ = {isa = PBXBuildFile; fileRef = DFF40B33B0DB4A29AE69214C /* ExternalEditorService.swift */; };
		CA40869DDEC7434CBF524F42 /* InternalEditorService.swift in Sources */ = {isa = PBXBuildFile; fileRef = 2CAB4EC43D8F4E7CB9D669E6 /* InternalEditorService.swift */; };
		D1E2F3A4B5C6D7E8F9A0B1C2 /* ReaderNavigator.swift in Sources */ = {isa = PBXBuildFile; fileRef = C1D2E3F4A5B6C7D8E9F0A1B2 /* ReaderNavigator.swift */; };
		F6E039A562CEC67CB756FC8A /* SettingsView.swift in Sources */ = {isa = PBXBuildFile; fileRef = EACFFB1D381702BECFAC1602 /* SettingsView.swift */; };
		5CC33D098B694648852CF279 /* QuickEditPane.swift in Sources */ = {isa = PBXBuildFile; fileRef = 27CABF5646084DD6904DE3B6 /* QuickEditPane.swift */; };
		F9395792766F4D088ED24AB2 /* QuickEditSession.swift in Sources */ = {isa = PBXBuildFile; fileRef = 487A0C1BC96444DE94522988 /* QuickEditSession.swift */; };
		DF019EC1023648DD9C10CFDD /* QuickEditTerminalView.swift in Sources */ = {isa = PBXBuildFile; fileRef = 202279AB16A9474B9339930E /* QuickEditTerminalView.swift */; };
/* End PBXBuildFile section */

/* Begin PBXFileReference section */
		0AEEEEE11FE1885FC15C9199 /* AppDelegate.swift */ = {isa = PBXFileReference; lastKnownFileType = sourcecode.swift; path = AppDelegate.swift; sourceTree = "<group>"; };
		20BA39D81C85D220D418C74D /* FileDropOverlay.swift */ = {isa = PBXFileReference; lastKnownFileType = sourcecode.swift; path = FileDropOverlay.swift; sourceTree = "<group>"; };
		23FA87AD90444C62ACAA36A0 /* LoginShellEnvironment.swift */ = {isa = PBXFileReference; lastKnownFileType = sourcecode.swift; path = LoginShellEnvironment.swift; sourceTree = "<group>"; };
		251A7B2B5C27BF7F481E912A /* Info.plist */ = {isa = PBXFileReference; lastKnownFileType = text.plist; path = Info.plist; sourceTree = "<group>"; };
		2CAB4EC43D8F4E7CB9D669E6 /* InternalEditorService.swift */ = {isa = PBXFileReference; lastKnownFileType = sourcecode.swift; path = InternalEditorService.swift; sourceTree = "<group>"; };
		32ECE99600F9CD92261093E8 /* MDEApp.swift */ = {isa = PBXFileReference; lastKnownFileType = sourcecode.swift; path = MDEApp.swift; sourceTree = "<group>"; };
		37FF27206B9299729EF6ABBA /* FileDocumentService.swift */ = {isa = PBXFileReference; lastKnownFileType = sourcecode.swift; path = FileDocumentService.swift; sourceTree = "<group>"; };
		38EA0AAD1B059AAFF0391F45 /* MDE.entitlements */ = {isa = PBXFileReference; lastKnownFileType = text.plist.entitlements; path = MDE.entitlements; sourceTree = "<group>"; };
		4E2B4D069D16A858DEF38F91 /* AppModel.swift */ = {isa = PBXFileReference; lastKnownFileType = sourcecode.swift; path = AppModel.swift; sourceTree = "<group>"; };
		518DBF03949FE4BCA68DEAB8 /* MarkdownDocument.swift */ = {isa = PBXFileReference; lastKnownFileType = sourcecode.swift; path = MarkdownDocument.swift; sourceTree = "<group>"; };
		5E903D066FDF24F3EB2E0DEF /* AppCommands.swift */ = {isa = PBXFileReference; lastKnownFileType = sourcecode.swift; path = AppCommands.swift; sourceTree = "<group>"; };
		6191F1475962CBC0821E190A /* AppSettings.swift */ = {isa = PBXFileReference; lastKnownFileType = sourcecode.swift; path = AppSettings.swift; sourceTree = "<group>"; };
		A5B6C7D8E9F0A1B2C3D4E5F6 /* MarkdownUIRenderer.swift */ = {isa = PBXFileReference; lastKnownFileType = sourcecode.swift; path = MarkdownUIRenderer.swift; sourceTree = "<group>"; };
		B5B6C7D8E9F0A1B2C3D4E5F6 /* NordSyntaxHighlighter.swift */ = {isa = PBXFileReference; lastKnownFileType = sourcecode.swift; path = NordSyntaxHighlighter.swift; sourceTree = "<group>"; };
		C1D2E3F4A5B6C7D8E9F0A1B2 /* ReaderNavigator.swift */ = {isa = PBXFileReference; lastKnownFileType = sourcecode.swift; path = ReaderNavigator.swift; sourceTree = "<group>"; };
		D6D37DBD5991399A99747ECF /* WorkspaceView.swift */ = {isa = PBXFileReference; lastKnownFileType = sourcecode.swift; path = WorkspaceView.swift; sourceTree = "<group>"; };
		DB9D2A5C446C474494F158CB /* FileWatchService.swift */ = {isa = PBXFileReference; lastKnownFileType = sourcecode.swift; path = FileWatchService.swift; sourceTree = "<group>"; };
		DDCB1224C026613C503FCF0F /* MDE.app */ = {isa = PBXFileReference; explicitFileType = wrapper.application; includeInIndex = 0; path = MDE.app; sourceTree = BUILT_PRODUCTS_DIR; };
		DFF40B33B0DB4A29AE69214C /* ExternalEditorService.swift */ = {isa = PBXFileReference; lastKnownFileType = sourcecode.swift; path = ExternalEditorService.swift; sourceTree = "<group>"; };
		EACFFB1D381702BECFAC1602 /* SettingsView.swift */ = {isa = PBXFileReference; lastKnownFileType = sourcecode.swift; path = SettingsView.swift; sourceTree = "<group>"; };
		F5FEA92551FCB0AC2B720F55 /* Assets.xcassets */ = {isa = PBXFileReference; lastKnownFileType = folder.assetcatalog; path = Assets.xcassets; sourceTree = "<group>"; };
		FC321FD34CC0F889C8858A94 /* ContentView.swift */ = {isa = PBXFileReference; lastKnownFileType = sourcecode.swift; path = ContentView.swift; sourceTree = "<group>"; };
		27CABF5646084DD6904DE3B6 /* QuickEditPane.swift */ = {isa = PBXFileReference; lastKnownFileType = sourcecode.swift; path = QuickEditPane.swift; sourceTree = "<group>"; };
		487A0C1BC96444DE94522988 /* QuickEditSession.swift */ = {isa = PBXFileReference; lastKnownFileType = sourcecode.swift; path = QuickEditSession.swift; sourceTree = "<group>"; };
		202279AB16A9474B9339930E /* QuickEditTerminalView.swift */ = {isa = PBXFileReference; lastKnownFileType = sourcecode.swift; path = QuickEditTerminalView.swift; sourceTree = "<group>"; };
/* End PBXFileReference section */

/* Begin PBXFrameworksBuildPhase section */
		B4FB8A0C1B7305F177A67C04 /* Frameworks */ = {
			isa = PBXFrameworksBuildPhase;
			buildActionMask = 2147483647;
			files = (
				A1B2C3D4E5F6A7B8C9D0E1F2 /* MarkdownUI in Frameworks */,
				B1B2C3D4E5F6A7B8C9D0E1F2 /* Highlightr in Frameworks */,
				28E4C1E52FA657C90059645B /* SwiftTerm in Frameworks */,
			);
			runOnlyForDeploymentPostprocessing = 0;
		};
/* End PBXFrameworksBuildPhase section */

/* Begin PBXGroup section */
		03FE93EA095DB6FCDDD64948 /* Commands */ = {
			isa = PBXGroup;
			children = (
				5E903D066FDF24F3EB2E0DEF /* AppCommands.swift */,
			);
			path = Commands;
			sourceTree = "<group>";
		};
		0EA412B1C4A32024C260AECF /* Views */ = {
			isa = PBXGroup;
			children = (
				20BA39D81C85D220D418C74D /* FileDropOverlay.swift */,
				C1D2E3F4A5B6C7D8E9F0A1B2 /* ReaderNavigator.swift */,
				EACFFB1D381702BECFAC1602 /* SettingsView.swift */,
				D6D37DBD5991399A99747ECF /* WorkspaceView.swift */,
			);
			path = Views;
			sourceTree = "<group>";
		};
		21D80B34EF879771F76E3AFC /* MDE */ = {
			isa = PBXGroup;
			children = (
				0AEEEEE11FE1885FC15C9199 /* AppDelegate.swift */,
				4E2B4D069D16A858DEF38F91 /* AppModel.swift */,
				F5FEA92551FCB0AC2B720F55 /* Assets.xcassets */,
				FC321FD34CC0F889C8858A94 /* ContentView.swift */,
				251A7B2B5C27BF7F481E912A /* Info.plist */,
				38EA0AAD1B059AAFF0391F45 /* MDE.entitlements */,
				32ECE99600F9CD92261093E8 /* MDEApp.swift */,
				03FE93EA095DB6FCDDD64948 /* Commands */,
				9E045619C4EB47DEBA705F52 /* Editor */,
				CDCF707A35A725FC0F543B10 /* Models */,
				BDFC63B510CADD47F01DDF48 /* Rendering */,
				D279E61BC7954A6C5F6DB341 /* Services */,
				0EA412B1C4A32024C260AECF /* Views */,
			);
			path = MDE;
			sourceTree = "<group>";
		};
		2978E8444413B2FD1ACFEF94 /* MDE */ = {
			isa = PBXGroup;
			children = (
				21D80B34EF879771F76E3AFC /* MDE */,
			);
			name = MDE;
			path = .;
			sourceTree = "<group>";
		};
		4CD122522F5A3E80C4FD2531 /* Products */ = {
			isa = PBXGroup;
			children = (
				DDCB1224C026613C503FCF0F /* MDE.app */,
			);
			name = Products;
			sourceTree = "<group>";
		};
		68E75D96EF0C5C648E8985AA = {
			isa = PBXGroup;
			children = (
				2978E8444413B2FD1ACFEF94 /* MDE */,
				4CD122522F5A3E80C4FD2531 /* Products */,
			);
			sourceTree = "<group>";
		};
		BDFC63B510CADD47F01DDF48 /* Rendering */ = {
			isa = PBXGroup;
			children = (
				A5B6C7D8E9F0A1B2C3D4E5F6 /* MarkdownUIRenderer.swift */,
				B5B6C7D8E9F0A1B2C3D4E5F6 /* NordSyntaxHighlighter.swift */,
			);
			path = Rendering;
			sourceTree = "<group>";
		};
		9E045619C4EB47DEBA705F52 /* Editor */ = {
			isa = PBXGroup;
			children = (
				27CABF5646084DD6904DE3B6 /* QuickEditPane.swift */,
				487A0C1BC96444DE94522988 /* QuickEditSession.swift */,
				202279AB16A9474B9339930E /* QuickEditTerminalView.swift */,
			);
			path = Editor;
			sourceTree = "<group>";
		};
		CDCF707A35A725FC0F543B10 /* Models */ = {
			isa = PBXGroup;
			children = (
				6191F1475962CBC0821E190A /* AppSettings.swift */,
				518DBF03949FE4BCA68DEAB8 /* MarkdownDocument.swift */,
			);
			path = Models;
			sourceTree = "<group>";
		};
		D279E61BC7954A6C5F6DB341 /* Services */ = {
			isa = PBXGroup;
			children = (
				DFF40B33B0DB4A29AE69214C /* ExternalEditorService.swift */,
				37FF27206B9299729EF6ABBA /* FileDocumentService.swift */,
				DB9D2A5C446C474494F158CB /* FileWatchService.swift */,
				2CAB4EC43D8F4E7CB9D669E6 /* InternalEditorService.swift */,
				23FA87AD90444C62ACAA36A0 /* LoginShellEnvironment.swift */,
			);
			path = Services;
			sourceTree = "<group>";
		};
/* End PBXGroup section */

/* Begin PBXNativeTarget section */
		BAEDFD2177EDDCA4D4D62577 /* MDE */ = {
			isa = PBXNativeTarget;
			buildConfigurationList = E2618FF339F714B852755539 /* Build configuration list for PBXNativeTarget "MDE" */;
			buildPhases = (
				06BD0606AB76420363914990 /* Sources */,
				CF19DC050BCD8E4890739AB5 /* Resources */,
				B4FB8A0C1B7305F177A67C04 /* Frameworks */,
			);
			buildRules = (
			);
			dependencies = (
			);
			name = MDE;
			packageProductDependencies = (
				A2B3C4D5E6F7A8B9C0D1E2F3 /* MarkdownUI */,
				B2B3C4D5E6F7A8B9C0D1E2F3 /* Highlightr */,
				28E4C1E42FA657C90059645B /* SwiftTerm */,
			);
			productName = MDE;
			productReference = DDCB1224C026613C503FCF0F /* MDE.app */;
			productType = "com.apple.product-type.application";
		};
/* End PBXNativeTarget section */

/* Begin PBXProject section */
		E6D2F87500A18B85B09F6501 /* Project object */ = {
			isa = PBXProject;
			attributes = {
				BuildIndependentTargetsInParallel = YES;
				LastUpgradeCheck = 1430;
				TargetAttributes = {
					BAEDFD2177EDDCA4D4D62577 = {
						DevelopmentTeam = S8JFC974Y7;
						ProvisioningStyle = Automatic;
					};
				};
			};
			buildConfigurationList = 8D3832659CE389EA2AF4B264 /* Build configuration list for PBXProject "MDE" */;
			compatibilityVersion = "Xcode 14.0";
			developmentRegion = en;
			hasScannedForEncodings = 0;
			knownRegions = (
				Base,
				en,
			);
			mainGroup = 68E75D96EF0C5C648E8985AA;
			minimizedProjectReferenceProxies = 1;
			packageReferences = (
				A3B4C5D6E7F8A9B0C1D2E3F4 /* XCRemoteSwiftPackageReference "swift-markdown-ui" */,
				B3B4C5D6E7F8A9B0C1D2E3F4 /* XCRemoteSwiftPackageReference "Highlightr" */,
				28E4C1E32FA657C90059645B /* XCRemoteSwiftPackageReference "SwiftTerm" */,
			);
			projectDirPath = "";
			projectRoot = "";
			targets = (
				BAEDFD2177EDDCA4D4D62577 /* MDE */,
			);
		};
/* End PBXProject section */

/* Begin PBXResourcesBuildPhase section */
		CF19DC050BCD8E4890739AB5 /* Resources */ = {
			isa = PBXResourcesBuildPhase;
			buildActionMask = 2147483647;
			files = (
				011D9CB428C889AFC9362A9E /* Assets.xcassets in Resources */,
			);
			runOnlyForDeploymentPostprocessing = 0;
		};
/* End PBXResourcesBuildPhase section */

/* Begin PBXSourcesBuildPhase section */
		06BD0606AB76420363914990 /* Sources */ = {
			isa = PBXSourcesBuildPhase;
			buildActionMask = 2147483647;
			files = (
				A6C62C950FEAB061825794E8 /* AppCommands.swift in Sources */,
				4D66B762AC7E6F6CB5907AFD /* AppDelegate.swift in Sources */,
				6F5802D6D0D6829CC2F3B378 /* AppModel.swift in Sources */,
				9A63573086326B1E354CE91F /* AppSettings.swift in Sources */,
				B99F08D6AB6E4FC7509C3D03 /* ContentView.swift in Sources */,
				BB93094DF6A14BD5B4A19FD3 /* ExternalEditorService.swift in Sources */,
				727A35EFCC16DA9FED3E219D /* FileDocumentService.swift in Sources */,
				67F9D679EF2446F58A3F31B3 /* FileWatchService.swift in Sources */,
				CA40869DDEC7434CBF524F42 /* InternalEditorService.swift in Sources */,
				6A4CE14C30A04A688D26E084 /* LoginShellEnvironment.swift in Sources */,
				70CA410D5D70A089727E2F39 /* FileDropOverlay.swift in Sources */,
				A3B6BA51D6F42B9BD62E8A95 /* MDEApp.swift in Sources */,
				92B4AB1439EF6E6FBFBCE3E4 /* MarkdownDocument.swift in Sources */,
				A4B5C6D7E8F9A0B1C2D3E4F5 /* MarkdownUIRenderer.swift in Sources */,
				B4B5C6D7E8F9A0B1C2D3E4F5 /* NordSyntaxHighlighter.swift in Sources */,
				D1E2F3A4B5C6D7E8F9A0B1C2 /* ReaderNavigator.swift in Sources */,
				5CC33D098B694648852CF279 /* QuickEditPane.swift in Sources */,
				F9395792766F4D088ED24AB2 /* QuickEditSession.swift in Sources */,
				DF019EC1023648DD9C10CFDD /* QuickEditTerminalView.swift in Sources */,
				F6E039A562CEC67CB756FC8A /* SettingsView.swift in Sources */,
				143253BEED8EA3FCC7C3040A /* WorkspaceView.swift in Sources */,
			);
			runOnlyForDeploymentPostprocessing = 0;
		};
/* End PBXSourcesBuildPhase section */

/* Begin XCBuildConfiguration section */
		5BEBD64553BDAC747BEA88C1 /* Debug */ = {
			isa = XCBuildConfiguration;
			buildSettings = {
				ALWAYS_SEARCH_USER_PATHS = NO;
				CLANG_ANALYZER_NONNULL = YES;
				CLANG_ANALYZER_NUMBER_OBJECT_CONVERSION = YES_AGGRESSIVE;
				CLANG_CXX_LANGUAGE_STANDARD = "gnu++14";
				CLANG_CXX_LIBRARY = "libc++";
				CLANG_ENABLE_MODULES = YES;
				CLANG_ENABLE_OBJC_ARC = YES;
				CLANG_ENABLE_OBJC_WEAK = YES;
				CLANG_WARN_BLOCK_CAPTURE_AUTORELEASING = YES;
				CLANG_WARN_BOOL_CONVERSION = YES;
				CLANG_WARN_COMMA = YES;
				CLANG_WARN_CONSTANT_CONVERSION = YES;
				CLANG_WARN_DEPRECATED_OBJC_IMPLEMENTATIONS = YES;
				CLANG_WARN_DIRECT_OBJC_ISA_USAGE = YES_ERROR;
				CLANG_WARN_DOCUMENTATION_COMMENTS = YES;
				CLANG_WARN_EMPTY_BODY = YES;
				CLANG_WARN_ENUM_CONVERSION = YES;
				CLANG_WARN_INFINITE_RECURSION = YES;
				CLANG_WARN_INT_CONVERSION = YES;
				CLANG_WARN_NON_LITERAL_NULL_CONVERSION = YES;
				CLANG_WARN_OBJC_IMPLICIT_RETAIN_SELF = YES;
				CLANG_WARN_OBJC_LITERAL_CONVERSION = YES;
				CLANG_WARN_OBJC_ROOT_CLASS = YES_ERROR;
				CLANG_WARN_QUOTED_INCLUDE_IN_FRAMEWORK_HEADER = YES;
				CLANG_WARN_RANGE_LOOP_ANALYSIS = YES;
				CLANG_WARN_STRICT_PROTOTYPES = YES;
				CLANG_WARN_SUSPICIOUS_MOVE = YES;
				CLANG_WARN_UNGUARDED_AVAILABILITY = YES_AGGRESSIVE;
				CLANG_WARN_UNREACHABLE_CODE = YES;
				CLANG_WARN__DUPLICATE_METHOD_MATCH = YES;
				COPY_PHASE_STRIP = NO;
				DEBUG_INFORMATION_FORMAT = dwarf;
				ENABLE_STRICT_OBJC_MSGSEND = YES;
				ENABLE_TESTABILITY = YES;
				GCC_C_LANGUAGE_STANDARD = gnu11;
				GCC_DYNAMIC_NO_PIC = NO;
				GCC_NO_COMMON_BLOCKS = YES;
				GCC_OPTIMIZATION_LEVEL = 0;
				GCC_PREPROCESSOR_DEFINITIONS = (
					"$(inherited)",
					"DEBUG=1",
				);
				GCC_WARN_64_TO_32_BIT_CONVERSION = YES;
				GCC_WARN_ABOUT_RETURN_TYPE = YES_ERROR;
				GCC_WARN_UNDECLARED_SELECTOR = YES;
				GCC_WARN_UNINITIALIZED_AUTOS = YES_AGGRESSIVE;
				GCC_WARN_UNUSED_FUNCTION = YES;
				GCC_WARN_UNUSED_VARIABLE = YES;
				MACOSX_DEPLOYMENT_TARGET = 14.0;
				MTL_ENABLE_DEBUG_INFO = INCLUDE_SOURCE;
				MTL_FAST_MATH = YES;
				ONLY_ACTIVE_ARCH = YES;
				PRODUCT_NAME = "$(TARGET_NAME)";
				SDKROOT = macosx;
				SWIFT_ACTIVE_COMPILATION_CONDITIONS = DEBUG;
				SWIFT_OPTIMIZATION_LEVEL = "-Onone";
				SWIFT_VERSION = 5.0;
			};
			name = Debug;
		};
		5E4DB77B4D19183192371821 /* Debug */ = {
			isa = XCBuildConfiguration;
			buildSettings = {
				ASSETCATALOG_COMPILER_APPICON_NAME = AppIcon;
				CODE_SIGN_ENTITLEMENTS = MDE/MDE.entitlements;
				CODE_SIGN_STYLE = Automatic;
				COMBINE_HIDPI_IMAGES = YES;
				DEVELOPMENT_TEAM = S8JFC974Y7;
				ENABLE_APP_SANDBOX = NO;
				ENABLE_HARDENED_RUNTIME = YES;
				GENERATE_INFOPLIST_FILE = NO;
				INFOPLIST_FILE = MDE/Info.plist;
				LD_RUNPATH_SEARCH_PATHS = (
					"$(inherited)",
					"@executable_path/../Frameworks",
				);
				MACOSX_DEPLOYMENT_TARGET = 14.0;
				PRODUCT_BUNDLE_IDENTIFIER = ohffs.MDE;
				SDKROOT = macosx;
				SWIFT_VERSION = 5.0;
			};
			name = Debug;
		};
		66B162A1D172BBA9CAD7FDDA /* Release */ = {
			isa = XCBuildConfiguration;
			buildSettings = {
				ALWAYS_SEARCH_USER_PATHS = NO;
				CLANG_ANALYZER_NONNULL = YES;
				CLANG_ANALYZER_NUMBER_OBJECT_CONVERSION = YES_AGGRESSIVE;
				CLANG_CXX_LANGUAGE_STANDARD = "gnu++14";
				CLANG_CXX_LIBRARY = "libc++";
				CLANG_ENABLE_MODULES = YES;
				CLANG_ENABLE_OBJC_ARC = YES;
				CLANG_ENABLE_OBJC_WEAK = YES;
				CLANG_WARN_BLOCK_CAPTURE_AUTORELEASING = YES;
				CLANG_WARN_BOOL_CONVERSION = YES;
				CLANG_WARN_COMMA = YES;
				CLANG_WARN_CONSTANT_CONVERSION = YES;
				CLANG_WARN_DEPRECATED_OBJC_IMPLEMENTATIONS = YES;
				CLANG_WARN_DIRECT_OBJC_ISA_USAGE = YES_ERROR;
				CLANG_WARN_DOCUMENTATION_COMMENTS = YES;
				CLANG_WARN_EMPTY_BODY = YES;
				CLANG_WARN_ENUM_CONVERSION = YES;
				CLANG_WARN_INFINITE_RECURSION = YES;
				CLANG_WARN_INT_CONVERSION = YES;
				CLANG_WARN_NON_LITERAL_NULL_CONVERSION = YES;
				CLANG_WARN_OBJC_IMPLICIT_RETAIN_SELF = YES;
				CLANG_WARN_OBJC_LITERAL_CONVERSION = YES;
				CLANG_WARN_OBJC_ROOT_CLASS = YES_ERROR;
				CLANG_WARN_QUOTED_INCLUDE_IN_FRAMEWORK_HEADER = YES;
				CLANG_WARN_RANGE_LOOP_ANALYSIS = YES;
				CLANG_WARN_STRICT_PROTOTYPES = YES;
				CLANG_WARN_SUSPICIOUS_MOVE = YES;
				CLANG_WARN_UNGUARDED_AVAILABILITY = YES_AGGRESSIVE;
				CLANG_WARN_UNREACHABLE_CODE = YES;
				CLANG_WARN__DUPLICATE_METHOD_MATCH = YES;
				COPY_PHASE_STRIP = NO;
				DEBUG_INFORMATION_FORMAT = "dwarf-with-dsym";
				ENABLE_NS_ASSERTIONS = NO;
				ENABLE_STRICT_OBJC_MSGSEND = YES;
				GCC_C_LANGUAGE_STANDARD = gnu11;
				GCC_NO_COMMON_BLOCKS = YES;
				GCC_WARN_64_TO_32_BIT_CONVERSION = YES;
				GCC_WARN_ABOUT_RETURN_TYPE = YES_ERROR;
				GCC_WARN_UNDECLARED_SELECTOR = YES;
				GCC_WARN_UNINITIALIZED_AUTOS = YES_AGGRESSIVE;
				GCC_WARN_UNUSED_FUNCTION = YES;
				GCC_WARN_UNUSED_VARIABLE = YES;
				MACOSX_DEPLOYMENT_TARGET = 14.0;
				MTL_ENABLE_DEBUG_INFO = NO;
				MTL_FAST_MATH = YES;
				PRODUCT_NAME = "$(TARGET_NAME)";
				SDKROOT = macosx;
				SWIFT_COMPILATION_MODE = wholemodule;
				SWIFT_OPTIMIZATION_LEVEL = "-O";
				SWIFT_VERSION = 5.0;
			};
			name = Release;
		};
		9A9F71C2D68E677052555DA7 /* Release */ = {
			isa = XCBuildConfiguration;
			buildSettings = {
				ASSETCATALOG_COMPILER_APPICON_NAME = AppIcon;
				CODE_SIGN_ENTITLEMENTS = MDE/MDE.entitlements;
				CODE_SIGN_STYLE = Automatic;
				COMBINE_HIDPI_IMAGES = YES;
				DEVELOPMENT_TEAM = S8JFC974Y7;
				ENABLE_APP_SANDBOX = NO;
				ENABLE_HARDENED_RUNTIME = YES;
				GENERATE_INFOPLIST_FILE = NO;
				INFOPLIST_FILE = MDE/Info.plist;
				LD_RUNPATH_SEARCH_PATHS = (
					"$(inherited)",
					"@executable_path/../Frameworks",
				);
				MACOSX_DEPLOYMENT_TARGET = 14.0;
				PRODUCT_BUNDLE_IDENTIFIER = ohffs.MDE;
				SDKROOT = macosx;
				SWIFT_VERSION = 5.0;
			};
			name = Release;
		};
/* End XCBuildConfiguration section */

/* Begin XCConfigurationList section */
		8D3832659CE389EA2AF4B264 /* Build configuration list for PBXProject "MDE" */ = {
			isa = XCConfigurationList;
			buildConfigurations = (
				5BEBD64553BDAC747BEA88C1 /* Debug */,
				66B162A1D172BBA9CAD7FDDA /* Release */,
			);
			defaultConfigurationIsVisible = 0;
			defaultConfigurationName = Debug;
		};
		E2618FF339F714B852755539 /* Build configuration list for PBXNativeTarget "MDE" */ = {
			isa = XCConfigurationList;
			buildConfigurations = (
				5E4DB77B4D19183192371821 /* Debug */,
				9A9F71C2D68E677052555DA7 /* Release */,
			);
			defaultConfigurationIsVisible = 0;
			defaultConfigurationName = Debug;
		};
/* End XCConfigurationList section */

/* Begin XCRemoteSwiftPackageReference section */
		28E4C1E32FA657C90059645B /* XCRemoteSwiftPackageReference "SwiftTerm" */ = {
			isa = XCRemoteSwiftPackageReference;
			repositoryURL = "https://github.com/migueldeicaza/SwiftTerm";
			requirement = {
				kind = upToNextMajorVersion;
				minimumVersion = 1.5.0;
			};
		};
		A3B4C5D6E7F8A9B0C1D2E3F4 /* XCRemoteSwiftPackageReference "swift-markdown-ui" */ = {
			isa = XCRemoteSwiftPackageReference;
			repositoryURL = "https://github.com/gonzalezreal/swift-markdown-ui";
			requirement = {
				kind = upToNextMajorVersion;
				minimumVersion = 2.0.0;
			};
		};
		B3B4C5D6E7F8A9B0C1D2E3F4 /* XCRemoteSwiftPackageReference "Highlightr" */ = {
			isa = XCRemoteSwiftPackageReference;
			repositoryURL = "https://github.com/raspu/Highlightr";
			requirement = {
				kind = upToNextMajorVersion;
				minimumVersion = 2.2.0;
			};
		};
/* End XCRemoteSwiftPackageReference section */

/* Begin XCSwiftPackageProductDependency section */
		28E4C1E42FA657C90059645B /* SwiftTerm */ = {
			isa = XCSwiftPackageProductDependency;
			package = 28E4C1E32FA657C90059645B /* XCRemoteSwiftPackageReference "SwiftTerm" */;
			productName = SwiftTerm;
		};
		A2B3C4D5E6F7A8B9C0D1E2F3 /* MarkdownUI */ = {
			isa = XCSwiftPackageProductDependency;
			package = A3B4C5D6E7F8A9B0C1D2E3F4 /* XCRemoteSwiftPackageReference "swift-markdown-ui" */;
			productName = MarkdownUI;
		};
		B2B3C4D5E6F7A8B9C0D1E2F3 /* Highlightr */ = {
			isa = XCSwiftPackageProductDependency;
			package = B3B4C5D6E7F8A9B0C1D2E3F4 /* XCRemoteSwiftPackageReference "Highlightr" */;
			productName = Highlightr;
		};
/* End XCSwiftPackageProductDependency section */
	};
	rootObject = E6D2F87500A18B85B09F6501 /* Project object */;
}
